
Microsoft Visual Studio Solution File, Format Version 12.00
# Visual Studio Version 17
VisualStudioVersion = 17.10.35013.160
MinimumVisualStudioVersion = 10.0.40219.1
Project("{FAE04EC0-301F-11D3-BF4B-00C04F79EFBC}") = "Shared", "Shared\Shared.csproj", "{4BA0630C-5DA9-488F-B2D4-C14EA2C12A6B}"
EndProject
Project("{FAE04EC0-301F-11D3-BF4B-00C04F79EFBC}") = "FetchService", "FetchService\FetchService.csproj", "{9435FA1D-5F11-4117-A758-F4CE8BCD1FBD}"
EndProject
Project("{FAE04EC0-301F-11D3-BF4B-00C04F79EFBC}") = "ReadService", "ReadService\ReadService.csproj", "{E949BA2B-C201-4708-8237-E0263BDE0E69}"
EndProject
Global
	GlobalSection(SolutionConfigurationPlatforms) = preSolution
		Debug|Any CPU = Debug|Any CPU
		Release|Any CPU = Release|Any CPU
	EndGlobalSection
	GlobalSection(ProjectConfigurationPlatforms) = postSolution
		{4BA0630C-5DA9-488F-B2D4-C14EA2C12A6B}.Debug|Any CPU.ActiveCfg = Debug|Any CPU
		{4BA0630C-5DA9-488F-B2D4-C14EA2C12A6B}.Debug|Any CPU.Build.0 = Debug|Any CPU
		{4BA0630C-5DA9-488F-B2D4-C14EA2C12A6B}.Release|Any CPU.ActiveCfg = Release|Any CPU
		{4BA0630C-5DA9-488F-B2D4-C14EA2C12A6B}.Release|Any CPU.Build.0 = Release|Any CPU
		{9435FA1D-5F11-4117-A758-F4CE8BCD1FBD}.Debug|Any CPU.ActiveCfg = Debug|Any CPU
		{9435FA1D-5F11-4117-A758-F4CE8BCD1FBD}.Debug|Any CPU.Build.0 = Debug|Any CPU
		{9435FA1D-5F11-4117-A758-F4CE8BCD1FBD}.Release|Any CPU.ActiveCfg = Release|Any CPU
		{9435FA1D-5F11-4117-A758-F4CE8BCD1FBD}.Release|Any CPU.Build.0 = Release|Any CPU
		{E949BA2B-C201-4708-8237-E0263BDE0E69}.Debug|Any CPU.ActiveCfg = Debug|Any CPU
		{E949BA2B-C201-4708-8237-E0263BDE0E69}.Debug|Any CPU.Build.0 = Debug|Any CPU
		{E949BA2B-C201-4708-8237-E0263BDE0E69}.Release|Any CPU.ActiveCfg = Release|Any CPU
		{E949BA2B-C201-4708-8237-E0263BDE0E69}.Release|Any CPU.Build.0 = Release|Any CPU
	EndGlobalSection
	GlobalSection(SolutionProperties) = preSolution
		HideSolutionNode = FALSE
	EndGlobalSection
	GlobalSection(ExtensibilityGlobals) = postSolution
		SolutionGuid = {860370FB-DF41-494F-8844-88BE737A2A02}
	EndGlobalSection
EndGlobal
